
Microsoft Visual Studio Solution File, Format Version 12.00
# Visual Studio Version 17
VisualStudioVersion = 17.4.33205.214
MinimumVisualStudioVersion = 10.0.40219.1
Project("{FAE04EC0-301F-11D3-BF4B-00C04F79EFBC}") = "UserApp", "UserApp.csproj", "{9761CEC3-C55D-4B79-8DFC-2E164E121BB5}"
EndProject
Global
	GlobalSection(SolutionConfigurationPlatforms) = preSolution
		Debug|Any CPU = Debug|Any CPU
		Release|Any CPU = Release|Any CPU
	EndGlobalSection
	GlobalSection(ProjectConfigurationPlatforms) = postSolution
		{9761CEC3-C55D-4B79-8DFC-2E164E121BB5}.Debug|Any CPU.ActiveCfg = Debug|Any CPU
		{9761CEC3-C55D-4B79-8DFC-2E164E121BB5}.Debug|Any CPU.Build.0 = Debug|Any CPU
		{9761CEC3-C55D-4B79-8DFC-2E164E121BB5}.Release|Any CPU.ActiveCfg = Release|Any CPU
		{9761CEC3-C55D-4B79-8DFC-2E164E121BB5}.Release|Any CPU.Build.0 = Release|Any CPU
	EndGlobalSection
	GlobalSection(SolutionProperties) = preSolution
		HideSolutionNode = FALSE
	EndGlobalSection
	GlobalSection(ExtensibilityGlobals) = postSolution
		SolutionGuid = {6C05C55A-0749-49AA-A0E3-4529CF087F61}
	EndGlobalSection
EndGlobal
